
Microsoft Visual Studio Solution File, Format Version 12.00
# Visual Studio Version 17
VisualStudioVersion = 17.0.31903.59
MinimumVisualStudioVersion = 10.0.40219.1
Project("{2150E333-8FDC-42A3-9474-1A3956D46DE8}") = "src", "src", "{DFA61D51-FB08-49E4-87DB-E070E7DCB76A}"
EndProject
Project("{2150E333-8FDC-42A3-9474-1A3956D46DE8}") = "Services", "Services", "{BB7E0A6E-9C04-4AD9-A19E-A553E9C1DDCB}"
EndProject
Project("{2150E333-8FDC-42A3-9474-1A3956D46DE8}") = "Catalog", "Catalog", "{AC4BC14E-44CD-4D33-8C39-2A9D64296940}"
EndProject
Project("{FAE04EC0-301F-11D3-BF4B-00C04F79EFBC}") = "Catalog.Api", "src\Services\Catalog\Catalog.Api\Catalog.Api.csproj", "{4446603E-C66A-415F-AF1D-0622340BB53E}"
EndProject
Project("{FAE04EC0-301F-11D3-BF4B-00C04F79EFBC}") = "Catalog.Application", "src\Services\Catalog\Catalog.Application\Catalog.Application.csproj", "{13C7C372-23FB-44C1-B7C7-3D68A8BE1C0C}"
EndProject
Project("{FAE04EC0-301F-11D3-BF4B-00C04F79EFBC}") = "Catalog.Domain", "src\Services\Catalog\Catalog.Domain\Catalog.Domain.csproj", "{D21DDA94-9D49-417B-BFFF-979AC1E1B8C0}"
EndProject
Project("{FAE04EC0-301F-11D3-BF4B-00C04F79EFBC}") = "Catalog.Infrastructure", "src\Services\Catalog\Catalog.Infrastructure\Catalog.Infrastructure.csproj", "{BBE53759-3EAD-4F6D-B05C-1E3467270E24}"
EndProject
Project("{2150E333-8FDC-42A3-9474-1A3956D46DE8}") = "tests", "tests", "{267533EB-646D-41DE-86A7-1555C9995987}"
EndProject
Project("{FAE04EC0-301F-11D3-BF4B-00C04F79EFBC}") = "Catalog.UnitTests", "tests\Catalog.UnitTests\Catalog.UnitTests.csproj", "{280072B5-9D06-4925-B5B8-BFE179024425}"
EndProject
Project("{FAE04EC0-301F-11D3-BF4B-00C04F79EFBC}") = "Catalog.IntegrationTests", "tests\Catalog.IntegrationTests\Catalog.IntegrationTests.csproj", "{19598DA8-B7B3-412A-8FE2-9853CBD7F5DA}"
EndProject
Project("{2150E333-8FDC-42A3-9474-1A3956D46DE8}") = "Identity", "Identity", "{FA4BD754-BFB2-41A0-9B55-EF3A478BFED5}"
EndProject
Project("{FAE04EC0-301F-11D3-BF4B-00C04F79EFBC}") = "Identity.Api", "src\Services\Identity\Identity.Api\Identity.Api.csproj", "{E62CF6B2-0B81-4152-B272-83F3E7AC9696}"
EndProject
Project("{FAE04EC0-301F-11D3-BF4B-00C04F79EFBC}") = "Identity.Application", "src\Services\Identity\Identity.Application\Identity.Application.csproj", "{7A418469-781B-487C-BA6D-6D4E93C931A0}"
EndProject
Project("{FAE04EC0-301F-11D3-BF4B-00C04F79EFBC}") = "Identity.Domain", "src\Services\Identity\Identity.Domain\Identity.Domain.csproj", "{DABCBBAC-D107-4D24-9895-7C98B7A86453}"
EndProject
Project("{FAE04EC0-301F-11D3-BF4B-00C04F79EFBC}") = "Identity.Infrastructure", "src\Services\Identity\Identity.Infrastructure\Identity.Infrastructure.csproj", "{F92CC38A-DF76-40E0-8C87-531FADA089BE}"
EndProject
Project("{FAE04EC0-301F-11D3-BF4B-00C04F79EFBC}") = "Identity.UnitTests", "tests\Identity.UnitTests\Identity.UnitTests.csproj", "{2106D9CC-4F17-4F58-B7A5-43DBCE6F1C6A}"
EndProject
Project("{FAE04EC0-301F-11D3-BF4B-00C04F79EFBC}") = "Identity.IntegrationTests", "tests\Identity.IntegrationTests\Identity.IntegrationTests.csproj", "{D4C5C96B-E72F-4D09-B436-9073662E8BFB}"
EndProject
Project("{2150E333-8FDC-42A3-9474-1A3956D46DE8}") = "Cart", "Cart", "{F57ED0E8-B83A-4BEC-8421-578ADE9B5EE5}"
EndProject
Project("{FAE04EC0-301F-11D3-BF4B-00C04F79EFBC}") = "Cart.Domain", "src\Services\Cart\Cart.Domain\Cart.Domain.csproj", "{5A830C5F-0006-4074-AD91-51966D3C8670}"
EndProject
Project("{FAE04EC0-301F-11D3-BF4B-00C04F79EFBC}") = "Cart.Application", "src\Services\Cart\Cart.Application\Cart.Application.csproj", "{885E8D72-A504-4AD7-9F3C-B376B634CAA1}"
EndProject
Project("{FAE04EC0-301F-11D3-BF4B-00C04F79EFBC}") = "Cart.Infrastructure", "src\Services\Cart\Cart.Infrastructure\Cart.Infrastructure.csproj", "{6AC87172-1314-409B-9AFB-CAD51CD4C670}"
EndProject
Project("{FAE04EC0-301F-11D3-BF4B-00C04F79EFBC}") = "Cart.Api", "src\Services\Cart\Cart.Api\Cart.Api.csproj", "{5238B6EB-9804-4C80-B197-BD1FE90A4325}"
EndProject
Project("{FAE04EC0-301F-11D3-BF4B-00C04F79EFBC}") = "Cart.UnitTests", "tests\Cart.UnitTests\Cart.UnitTests.csproj", "{ACEC6F63-7102-4481-A849-16F0B16C4809}"
EndProject
Project("{FAE04EC0-301F-11D3-BF4B-00C04F79EFBC}") = "Cart.IntegrationTests", "tests\Cart.IntegrationTests\Cart.IntegrationTests.csproj", "{8CC31A06-6C17-4C5F-B0FC-1749D574AAF4}"
EndProject
Global
	GlobalSection(SolutionConfigurationPlatforms) = preSolution
		Debug|Any CPU = Debug|Any CPU
		Release|Any CPU = Release|Any CPU
	EndGlobalSection
	GlobalSection(SolutionProperties) = preSolution
		HideSolutionNode = FALSE
	EndGlobalSection
	GlobalSection(ProjectConfigurationPlatforms) = postSolution
		{4446603E-C66A-415F-AF1D-0622340BB53E}.Debug|Any CPU.ActiveCfg = Debug|Any CPU
		{4446603E-C66A-415F-AF1D-0622340BB53E}.Debug|Any CPU.Build.0 = Debug|Any CPU
		{4446603E-C66A-415F-AF1D-0622340BB53E}.Release|Any CPU.ActiveCfg = Release|Any CPU
		{4446603E-C66A-415F-AF1D-0622340BB53E}.Release|Any CPU.Build.0 = Release|Any CPU
		{13C7C372-23FB-44C1-B7C7-3D68A8BE1C0C}.Debug|Any CPU.ActiveCfg = Debug|Any CPU
		{13C7C372-23FB-44C1-B7C7-3D68A8BE1C0C}.Debug|Any CPU.Build.0 = Debug|Any CPU
		{13C7C372-23FB-44C1-B7C7-3D68A8BE1C0C}.Release|Any CPU.ActiveCfg = Release|Any CPU
		{13C7C372-23FB-44C1-B7C7-3D68A8BE1C0C}.Release|Any CPU.Build.0 = Release|Any CPU
		{D21DDA94-9D49-417B-BFFF-979AC1E1B8C0}.Debug|Any CPU.ActiveCfg = Debug|Any CPU
		{D21DDA94-9D49-417B-BFFF-979AC1E1B8C0}.Debug|Any CPU.Build.0 = Debug|Any CPU
		{D21DDA94-9D49-417B-BFFF-979AC1E1B8C0}.Release|Any CPU.ActiveCfg = Release|Any CPU
		{D21DDA94-9D49-417B-BFFF-979AC1E1B8C0}.Release|Any CPU.Build.0 = Release|Any CPU
		{BBE53759-3EAD-4F6D-B05C-1E3467270E24}.Debug|Any CPU.ActiveCfg = Debug|Any CPU
		{BBE53759-3EAD-4F6D-B05C-1E3467270E24}.Debug|Any CPU.Build.0 = Debug|Any CPU
		{BBE53759-3EAD-4F6D-B05C-1E3467270E24}.Release|Any CPU.ActiveCfg = Release|Any CPU
		{BBE53759-3EAD-4F6D-B05C-1E3467270E24}.Release|Any CPU.Build.0 = Release|Any CPU
		{280072B5-9D06-4925-B5B8-BFE179024425}.Debug|Any CPU.ActiveCfg = Debug|Any CPU
		{280072B5-9D06-4925-B5B8-BFE179024425}.Debug|Any CPU.Build.0 = Debug|Any CPU
		{280072B5-9D06-4925-B5B8-BFE179024425}.Release|Any CPU.ActiveCfg = Release|Any CPU
		{280072B5-9D06-4925-B5B8-BFE179024425}.Release|Any CPU.Build.0 = Release|Any CPU
		{19598DA8-B7B3-412A-8FE2-9853CBD7F5DA}.Debug|Any CPU.ActiveCfg = Debug|Any CPU
		{19598DA8-B7B3-412A-8FE2-9853CBD7F5DA}.Debug|Any CPU.Build.0 = Debug|Any CPU
		{19598DA8-B7B3-412A-8FE2-9853CBD7F5DA}.Release|Any CPU.ActiveCfg = Release|Any CPU
		{19598DA8-B7B3-412A-8FE2-9853CBD7F5DA}.Release|Any CPU.Build.0 = Release|Any CPU
		{E62CF6B2-0B81-4152-B272-83F3E7AC9696}.Debug|Any CPU.ActiveCfg = Debug|Any CPU
		{E62CF6B2-0B81-4152-B272-83F3E7AC9696}.Debug|Any CPU.Build.0 = Debug|Any CPU
		{E62CF6B2-0B81-4152-B272-83F3E7AC9696}.Release|Any CPU.ActiveCfg = Release|Any CPU
		{E62CF6B2-0B81-4152-B272-83F3E7AC9696}.Release|Any CPU.Build.0 = Release|Any CPU
		{7A418469-781B-487C-BA6D-6D4E93C931A0}.Debug|Any CPU.ActiveCfg = Debug|Any CPU
		{7A418469-781B-487C-BA6D-6D4E93C931A0}.Debug|Any CPU.Build.0 = Debug|Any CPU
		{7A418469-781B-487C-BA6D-6D4E93C931A0}.Release|Any CPU.ActiveCfg = Release|Any CPU
		{7A418469-781B-487C-BA6D-6D4E93C931A0}.Release|Any CPU.Build.0 = Release|Any CPU
		{DABCBBAC-D107-4D24-9895-7C98B7A86453}.Debug|Any CPU.ActiveCfg = Debug|Any CPU
		{DABCBBAC-D107-4D24-9895-7C98B7A86453}.Debug|Any CPU.Build.0 = Debug|Any CPU
		{DABCBBAC-D107-4D24-9895-7C98B7A86453}.Release|Any CPU.ActiveCfg = Release|Any CPU
		{DABCBBAC-D107-4D24-9895-7C98B7A86453}.Release|Any CPU.Build.0 = Release|Any CPU
		{F92CC38A-DF76-40E0-8C87-531FADA089BE}.Debug|Any CPU.ActiveCfg = Debug|Any CPU
		{F92CC38A-DF76-40E0-8C87-531FADA089BE}.Debug|Any CPU.Build.0 = Debug|Any CPU
		{F92CC38A-DF76-40E0-8C87-531FADA089BE}.Release|Any CPU.ActiveCfg = Release|Any CPU
		{F92CC38A-DF76-40E0-8C87-531FADA089BE}.Release|Any CPU.Build.0 = Release|Any CPU
		{2106D9CC-4F17-4F58-B7A5-43DBCE6F1C6A}.Debug|Any CPU.ActiveCfg = Debug|Any CPU
		{2106D9CC-4F17-4F58-B7A5-43DBCE6F1C6A}.Debug|Any CPU.Build.0 = Debug|Any CPU
		{2106D9CC-4F17-4F58-B7A5-43DBCE6F1C6A}.Release|Any CPU.ActiveCfg = Release|Any CPU
		{2106D9CC-4F17-4F58-B7A5-43DBCE6F1C6A}.Release|Any CPU.Build.0 = Release|Any CPU
		{D4C5C96B-E72F-4D09-B436-9073662E8BFB}.Debug|Any CPU.ActiveCfg = Debug|Any CPU
		{D4C5C96B-E72F-4D09-B436-9073662E8BFB}.Debug|Any CPU.Build.0 = Debug|Any CPU
		{D4C5C96B-E72F-4D09-B436-9073662E8BFB}.Release|Any CPU.ActiveCfg = Release|Any CPU
		{D4C5C96B-E72F-4D09-B436-9073662E8BFB}.Release|Any CPU.Build.0 = Release|Any CPU
		{5A830C5F-0006-4074-AD91-51966D3C8670}.Debug|Any CPU.ActiveCfg = Debug|Any CPU
		{5A830C5F-0006-4074-AD91-51966D3C8670}.Debug|Any CPU.Build.0 = Debug|Any CPU
		{5A830C5F-0006-4074-AD91-51966D3C8670}.Release|Any CPU.ActiveCfg = Release|Any CPU
		{5A830C5F-0006-4074-AD91-51966D3C8670}.Release|Any CPU.Build.0 = Release|Any CPU
		{885E8D72-A504-4AD7-9F3C-B376B634CAA1}.Debug|Any CPU.ActiveCfg = Debug|Any CPU
		{885E8D72-A504-4AD7-9F3C-B376B634CAA1}.Debug|Any CPU.Build.0 = Debug|Any CPU
		{885E8D72-A504-4AD7-9F3C-B376B634CAA1}.Release|Any CPU.ActiveCfg = Release|Any CPU
		{885E8D72-A504-4AD7-9F3C-B376B634CAA1}.Release|Any CPU.Build.0 = Release|Any CPU
		{6AC87172-1314-409B-9AFB-CAD51CD4C670}.Debug|Any CPU.ActiveCfg = Debug|Any CPU
		{6AC87172-1314-409B-9AFB-CAD51CD4C670}.Debug|Any CPU.Build.0 = Debug|Any CPU
		{6AC87172-1314-409B-9AFB-CAD51CD4C670}.Release|Any CPU.ActiveCfg = Release|Any CPU
		{6AC87172-1314-409B-9AFB-CAD51CD4C670}.Release|Any CPU.Build.0 = Release|Any CPU
		{5238B6EB-9804-4C80-B197-BD1FE90A4325}.Debug|Any CPU.ActiveCfg = Debug|Any CPU
		{5238B6EB-9804-4C80-B197-BD1FE90A4325}.Debug|Any CPU.Build.0 = Debug|Any CPU
		{5238B6EB-9804-4C80-B197-BD1FE90A4325}.Release|Any CPU.ActiveCfg = Release|Any CPU
		{5238B6EB-9804-4C80-B197-BD1FE90A4325}.Release|Any CPU.Build.0 = Release|Any CPU
		{ACEC6F63-7102-4481-A849-16F0B16C4809}.Debug|Any CPU.ActiveCfg = Debug|Any CPU
		{ACEC6F63-7102-4481-A849-16F0B16C4809}.Debug|Any CPU.Build.0 = Debug|Any CPU
		{ACEC6F63-7102-4481-A849-16F0B16C4809}.Release|Any CPU.ActiveCfg = Release|Any CPU
		{ACEC6F63-7102-4481-A849-16F0B16C4809}.Release|Any CPU.Build.0 = Release|Any CPU
		{8CC31A06-6C17-4C5F-B0FC-1749D574AAF4}.Debug|Any CPU.ActiveCfg = Debug|Any CPU
		{8CC31A06-6C17-4C5F-B0FC-1749D574AAF4}.Debug|Any CPU.Build.0 = Debug|Any CPU
		{8CC31A06-6C17-4C5F-B0FC-1749D574AAF4}.Release|Any CPU.ActiveCfg = Release|Any CPU
		{8CC31A06-6C17-4C5F-B0FC-1749D574AAF4}.Release|Any CPU.Build.0 = Release|Any CPU
	EndGlobalSection
	GlobalSection(NestedProjects) = preSolution
		{BB7E0A6E-9C04-4AD9-A19E-A553E9C1DDCB} = {DFA61D51-FB08-49E4-87DB-E070E7DCB76A}
		{AC4BC14E-44CD-4D33-8C39-2A9D64296940} = {BB7E0A6E-9C04-4AD9-A19E-A553E9C1DDCB}
		{4446603E-C66A-415F-AF1D-0622340BB53E} = {AC4BC14E-44CD-4D33-8C39-2A9D64296940}
		{13C7C372-23FB-44C1-B7C7-3D68A8BE1C0C} = {AC4BC14E-44CD-4D33-8C39-2A9D64296940}
		{D21DDA94-9D49-417B-BFFF-979AC1E1B8C0} = {AC4BC14E-44CD-4D33-8C39-2A9D64296940}
		{BBE53759-3EAD-4F6D-B05C-1E3467270E24} = {AC4BC14E-44CD-4D33-8C39-2A9D64296940}
		{280072B5-9D06-4925-B5B8-BFE179024425} = {267533EB-646D-41DE-86A7-1555C9995987}
		{19598DA8-B7B3-412A-8FE2-9853CBD7F5DA} = {267533EB-646D-41DE-86A7-1555C9995987}
		{FA4BD754-BFB2-41A0-9B55-EF3A478BFED5} = {BB7E0A6E-9C04-4AD9-A19E-A553E9C1DDCB}
		{E62CF6B2-0B81-4152-B272-83F3E7AC9696} = {FA4BD754-BFB2-41A0-9B55-EF3A478BFED5}
		{7A418469-781B-487C-BA6D-6D4E93C931A0} = {FA4BD754-BFB2-41A0-9B55-EF3A478BFED5}
		{DABCBBAC-D107-4D24-9895-7C98B7A86453} = {FA4BD754-BFB2-41A0-9B55-EF3A478BFED5}
		{F92CC38A-DF76-40E0-8C87-531FADA089BE} = {FA4BD754-BFB2-41A0-9B55-EF3A478BFED5}
		{2106D9CC-4F17-4F58-B7A5-43DBCE6F1C6A} = {267533EB-646D-41DE-86A7-1555C9995987}
		{D4C5C96B-E72F-4D09-B436-9073662E8BFB} = {267533EB-646D-41DE-86A7-1555C9995987}
		{F57ED0E8-B83A-4BEC-8421-578ADE9B5EE5} = {BB7E0A6E-9C04-4AD9-A19E-A553E9C1DDCB}
		{5A830C5F-0006-4074-AD91-51966D3C8670} = {F57ED0E8-B83A-4BEC-8421-578ADE9B5EE5}
		{885E8D72-A504-4AD7-9F3C-B376B634CAA1} = {F57ED0E8-B83A-4BEC-8421-578ADE9B5EE5}
		{6AC87172-1314-409B-9AFB-CAD51CD4C670} = {F57ED0E8-B83A-4BEC-8421-578ADE9B5EE5}
		{5238B6EB-9804-4C80-B197-BD1FE90A4325} = {F57ED0E8-B83A-4BEC-8421-578ADE9B5EE5}
		{ACEC6F63-7102-4481-A849-16F0B16C4809} = {267533EB-646D-41DE-86A7-1555C9995987}
		{8CC31A06-6C17-4C5F-B0FC-1749D574AAF4} = {267533EB-646D-41DE-86A7-1555C9995987}
	EndGlobalSection
EndGlobal
